
Microsoft Visual Studio Solution File, Format Version 12.00
# Visual Studio Version 16
VisualStudioVersion = 16.0.30804.86
MinimumVisualStudioVersion = 10.0.40219.1
Project("{9A19103F-16F7-4668-BE54-9A1E7A4F7556}") = "Store.Web", "Store.Web\Store.Web.csproj", "{2DADA85A-EFBC-4DBD-9693-FE1A6159EC68}"
EndProject
Project("{9A19103F-16F7-4668-BE54-9A1E7A4F7556}") = "Store.Data", "Store.Data\Store.Data.csproj", "{5A12355E-9007-4DD3-AA5E-B1610CED43A4}"
EndProject
Project("{9A19103F-16F7-4668-BE54-9A1E7A4F7556}") = "Store.Business", "Store.Business\Store.Business.csproj", "{4E3DDE42-66A3-4B4D-880E-E9B43801AE2E}"
EndProject
Global
	GlobalSection(SolutionConfigurationPlatforms) = preSolution
		Debug|Any CPU = Debug|Any CPU
		Release|Any CPU = Release|Any CPU
	EndGlobalSection
	GlobalSection(ProjectConfigurationPlatforms) = postSolution
		{2DADA85A-EFBC-4DBD-9693-FE1A6159EC68}.Debug|Any CPU.ActiveCfg = Debug|Any CPU
		{2DADA85A-EFBC-4DBD-9693-FE1A6159EC68}.Debug|Any CPU.Build.0 = Debug|Any CPU
		{2DADA85A-EFBC-4DBD-9693-FE1A6159EC68}.Release|Any CPU.ActiveCfg = Release|Any CPU
		{2DADA85A-EFBC-4DBD-9693-FE1A6159EC68}.Release|Any CPU.Build.0 = Release|Any CPU
		{5A12355E-9007-4DD3-AA5E-B1610CED43A4}.Debug|Any CPU.ActiveCfg = Debug|Any CPU
		{5A12355E-9007-4DD3-AA5E-B1610CED43A4}.Debug|Any CPU.Build.0 = Debug|Any CPU
		{5A12355E-9007-4DD3-AA5E-B1610CED43A4}.Release|Any CPU.ActiveCfg = Release|Any CPU
		{5A12355E-9007-4DD3-AA5E-B1610CED43A4}.Release|Any CPU.Build.0 = Release|Any CPU
		{4E3DDE42-66A3-4B4D-880E-E9B43801AE2E}.Debug|Any CPU.ActiveCfg = Debug|Any CPU
		{4E3DDE42-66A3-4B4D-880E-E9B43801AE2E}.Debug|Any CPU.Build.0 = Debug|Any CPU
		{4E3DDE42-66A3-4B4D-880E-E9B43801AE2E}.Release|Any CPU.ActiveCfg = Release|Any CPU
		{4E3DDE42-66A3-4B4D-880E-E9B43801AE2E}.Release|Any CPU.Build.0 = Release|Any CPU
	EndGlobalSection
	GlobalSection(SolutionProperties) = preSolution
		HideSolutionNode = FALSE
	EndGlobalSection
	GlobalSection(ExtensibilityGlobals) = postSolution
		SolutionGuid = {E7B4F56F-1B01-4860-A501-A452CEE92676}
	EndGlobalSection
EndGlobal
